
Microsoft Visual Studio Solution File, Format Version 12.00
# Visual Studio 15
VisualStudioVersion = 15.0.26430.16
MinimumVisualStudioVersion = 10.0.40219.1
Project("{FAE04EC0-301F-11D3-BF4B-00C04F79EFBC}") = "NewMediaPlayer", "NewMediaPlayer\NewMediaPlayer.csproj", "{40FDCB69-ADC6-4FB0-9349-18B9A8F13FCC}"
	ProjectSection(ProjectDependencies) = postProject
		{5CA9E904-B75E-422A-80B1-D969010FCDA7} = {5CA9E904-B75E-422A-80B1-D969010FCDA7}
		{8A7BA03C-90AD-4860-B8B6-8F1F90A31240} = {8A7BA03C-90AD-4860-B8B6-8F1F90A31240}
		{A435566E-49A1-48BC-9342-B4CC26164A7E} = {A435566E-49A1-48BC-9342-B4CC26164A7E}
		{4EB9237C-5C64-46A1-988C-995693705651} = {4EB9237C-5C64-46A1-988C-995693705651}
		{0370C0CB-20B3-4E1A-9F5F-1A846BC1C1B8} = {0370C0CB-20B3-4E1A-9F5F-1A846BC1C1B8}
	EndProjectSection
EndProject
Project("{FAE04EC0-301F-11D3-BF4B-00C04F79EFBC}") = "LunalipseAPI", "LunalipseAPI\LunalipseAPI.csproj", "{5CA9E904-B75E-422A-80B1-D969010FCDA7}"
	ProjectSection(ProjectDependencies) = postProject
		{A435566E-49A1-48BC-9342-B4CC26164A7E} = {A435566E-49A1-48BC-9342-B4CC26164A7E}
	EndProjectSection
EndProject
Project("{FAE04EC0-301F-11D3-BF4B-00C04F79EFBC}") = "TestPlugin", "TestPlugin\TestPlugin.csproj", "{C40A6344-229B-495B-A319-C2DEA54557AB}"
EndProject
Project("{FAE04EC0-301F-11D3-BF4B-00C04F79EFBC}") = "I18N", "I18N\I18N.csproj", "{A435566E-49A1-48BC-9342-B4CC26164A7E}"
EndProject
Project("{FAE04EC0-301F-11D3-BF4B-00C04F79EFBC}") = "FileSecurity", "FileSecurity\FileSecurity.csproj", "{4EB9237C-5C64-46A1-988C-995693705651}"
EndProject
Project("{FAE04EC0-301F-11D3-BF4B-00C04F79EFBC}") = "HashValidator", "HashValidator\HashValidator.csproj", "{CBDEC49D-1224-467E-B416-691AB3C77AC3}"
EndProject
Project("{FAE04EC0-301F-11D3-BF4B-00C04F79EFBC}") = "Updater", "Updater\Updater.csproj", "{0E8F5C14-028D-4F7A-BCBC-85EB0099CC81}"
EndProject
Project("{FAE04EC0-301F-11D3-BF4B-00C04F79EFBC}") = "LunapxCompiler", "LunapxCompiler\LunapxCompiler.csproj", "{E9C8DC4C-DCBC-475D-BE89-A1EF96F085B4}"
EndProject
Project("{FAE04EC0-301F-11D3-BF4B-00C04F79EFBC}") = "TestApp", "TestApp\TestApp.csproj", "{715D6141-2B98-4475-ACD5-C96AB09B65EC}"
EndProject
Project("{FAE04EC0-301F-11D3-BF4B-00C04F79EFBC}") = "LunalipseShell", "LunalipseShell\LunalipseShell.csproj", "{8A7BA03C-90AD-4860-B8B6-8F1F90A31240}"
EndProject
Project("{8BC9CEB8-8B4A-11D0-8D11-00A0C91BC942}") = "LunalipseResource", "LunalipseResource\LunalipseResource.vcxproj", "{AF750201-F142-4C85-8A0C-5B1EFECCA920}"
EndProject
Project("{FAE04EC0-301F-11D3-BF4B-00C04F79EFBC}") = "LpxResource", "LpxResource\LpxResource.csproj", "{E9E3D501-6E04-41DA-B458-5BD4C18E1D1B}"
EndProject
Project("{FAE04EC0-301F-11D3-BF4B-00C04F79EFBC}") = "LunaNetCore", "LunaNetCore\LunaNetCore.csproj", "{0370C0CB-20B3-4E1A-9F5F-1A846BC1C1B8}"
EndProject
Project("{FAE04EC0-301F-11D3-BF4B-00C04F79EFBC}") = "NetEaseHijacker", "NetEaseHijacker\NetEaseHijacker.csproj", "{C2D12E12-331A-4FE5-AC87-FC9377C594C5}"
EndProject
Global
	GlobalSection(SolutionConfigurationPlatforms) = preSolution
		Debug|Any CPU = Debug|Any CPU
		Debug|x64 = Debug|x64
		Debug|x86 = Debug|x86
		Release|Any CPU = Release|Any CPU
		Release|x64 = Release|x64
		Release|x86 = Release|x86
	EndGlobalSection
	GlobalSection(ProjectConfigurationPlatforms) = postSolution
		{40FDCB69-ADC6-4FB0-9349-18B9A8F13FCC}.Debug|Any CPU.ActiveCfg = Debug|Any CPU
		{40FDCB69-ADC6-4FB0-9349-18B9A8F13FCC}.Debug|Any CPU.Build.0 = Debug|Any CPU
		{40FDCB69-ADC6-4FB0-9349-18B9A8F13FCC}.Debug|x64.ActiveCfg = Debug|Any CPU
		{40FDCB69-ADC6-4FB0-9349-18B9A8F13FCC}.Debug|x64.Build.0 = Debug|Any CPU
		{40FDCB69-ADC6-4FB0-9349-18B9A8F13FCC}.Debug|x86.ActiveCfg = Debug|Any CPU
		{40FDCB69-ADC6-4FB0-9349-18B9A8F13FCC}.Debug|x86.Build.0 = Debug|Any CPU
		{40FDCB69-ADC6-4FB0-9349-18B9A8F13FCC}.Release|Any CPU.ActiveCfg = Release|Any CPU
		{40FDCB69-ADC6-4FB0-9349-18B9A8F13FCC}.Release|Any CPU.Build.0 = Release|Any CPU
		{40FDCB69-ADC6-4FB0-9349-18B9A8F13FCC}.Release|x64.ActiveCfg = Release|Any CPU
		{40FDCB69-ADC6-4FB0-9349-18B9A8F13FCC}.Release|x64.Build.0 = Release|Any CPU
		{40FDCB69-ADC6-4FB0-9349-18B9A8F13FCC}.Release|x86.ActiveCfg = Release|Any CPU
		{40FDCB69-ADC6-4FB0-9349-18B9A8F13FCC}.Release|x86.Build.0 = Release|Any CPU
		{5CA9E904-B75E-422A-80B1-D969010FCDA7}.Debug|Any CPU.ActiveCfg = Debug|Any CPU
		{5CA9E904-B75E-422A-80B1-D969010FCDA7}.Debug|Any CPU.Build.0 = Debug|Any CPU
		{5CA9E904-B75E-422A-80B1-D969010FCDA7}.Debug|x64.ActiveCfg = Debug|Any CPU
		{5CA9E904-B75E-422A-80B1-D969010FCDA7}.Debug|x64.Build.0 = Debug|Any CPU
		{5CA9E904-B75E-422A-80B1-D969010FCDA7}.Debug|x86.ActiveCfg = Debug|Any CPU
		{5CA9E904-B75E-422A-80B1-D969010FCDA7}.Debug|x86.Build.0 = Debug|Any CPU
		{5CA9E904-B75E-422A-80B1-D969010FCDA7}.Release|Any CPU.ActiveCfg = Release|Any CPU
		{5CA9E904-B75E-422A-80B1-D969010FCDA7}.Release|Any CPU.Build.0 = Release|Any CPU
		{5CA9E904-B75E-422A-80B1-D969010FCDA7}.Release|x64.ActiveCfg = Release|Any CPU
		{5CA9E904-B75E-422A-80B1-D969010FCDA7}.Release|x64.Build.0 = Release|Any CPU
		{5CA9E904-B75E-422A-80B1-D969010FCDA7}.Release|x86.ActiveCfg = Release|Any CPU
		{5CA9E904-B75E-422A-80B1-D969010FCDA7}.Release|x86.Build.0 = Release|Any CPU
		{C40A6344-229B-495B-A319-C2DEA54557AB}.Debug|Any CPU.ActiveCfg = Debug|Any CPU
		{C40A6344-229B-495B-A319-C2DEA54557AB}.Debug|Any CPU.Build.0 = Debug|Any CPU
		{C40A6344-229B-495B-A319-C2DEA54557AB}.Debug|x64.ActiveCfg = Debug|Any CPU
		{C40A6344-229B-495B-A319-C2DEA54557AB}.Debug|x64.Build.0 = Debug|Any CPU
		{C40A6344-229B-495B-A319-C2DEA54557AB}.Debug|x86.ActiveCfg = Debug|Any CPU
		{C40A6344-229B-495B-A319-C2DEA54557AB}.Debug|x86.Build.0 = Debug|Any CPU
		{C40A6344-229B-495B-A319-C2DEA54557AB}.Release|Any CPU.ActiveCfg = Release|Any CPU
		{C40A6344-229B-495B-A319-C2DEA54557AB}.Release|Any CPU.Build.0 = Release|Any CPU
		{C40A6344-229B-495B-A319-C2DEA54557AB}.Release|x64.ActiveCfg = Release|Any CPU
		{C40A6344-229B-495B-A319-C2DEA54557AB}.Release|x64.Build.0 = Release|Any CPU
		{C40A6344-229B-495B-A319-C2DEA54557AB}.Release|x86.ActiveCfg = Release|Any CPU
		{C40A6344-229B-495B-A319-C2DEA54557AB}.Release|x86.Build.0 = Release|Any CPU
		{A435566E-49A1-48BC-9342-B4CC26164A7E}.Debug|Any CPU.ActiveCfg = Debug|Any CPU
		{A435566E-49A1-48BC-9342-B4CC26164A7E}.Debug|Any CPU.Build.0 = Debug|Any CPU
		{A435566E-49A1-48BC-9342-B4CC26164A7E}.Debug|x64.ActiveCfg = Debug|Any CPU
		{A435566E-49A1-48BC-9342-B4CC26164A7E}.Debug|x64.Build.0 = Debug|Any CPU
		{A435566E-49A1-48BC-9342-B4CC26164A7E}.Debug|x86.ActiveCfg = Debug|Any CPU
		{A435566E-49A1-48BC-9342-B4CC26164A7E}.Debug|x86.Build.0 = Debug|Any CPU
		{A435566E-49A1-48BC-9342-B4CC26164A7E}.Release|Any CPU.ActiveCfg = Release|Any CPU
		{A435566E-49A1-48BC-9342-B4CC26164A7E}.Release|Any CPU.Build.0 = Release|Any CPU
		{A435566E-49A1-48BC-9342-B4CC26164A7E}.Release|x64.ActiveCfg = Release|Any CPU
		{A435566E-49A1-48BC-9342-B4CC26164A7E}.Release|x64.Build.0 = Release|Any CPU
		{A435566E-49A1-48BC-9342-B4CC26164A7E}.Release|x86.ActiveCfg = Release|Any CPU
		{A435566E-49A1-48BC-9342-B4CC26164A7E}.Release|x86.Build.0 = Release|Any CPU
		{4EB9237C-5C64-46A1-988C-995693705651}.Debug|Any CPU.ActiveCfg = Debug|Any CPU
		{4EB9237C-5C64-46A1-988C-995693705651}.Debug|Any CPU.Build.0 = Debug|Any CPU
		{4EB9237C-5C64-46A1-988C-995693705651}.Debug|x64.ActiveCfg = Debug|Any CPU
		{4EB9237C-5C64-46A1-988C-995693705651}.Debug|x64.Build.0 = Debug|Any CPU
		{4EB9237C-5C64-46A1-988C-995693705651}.Debug|x86.ActiveCfg = Debug|Any CPU
		{4EB9237C-5C64-46A1-988C-995693705651}.Debug|x86.Build.0 = Debug|Any CPU
		{4EB9237C-5C64-46A1-988C-995693705651}.Release|Any CPU.ActiveCfg = Release|Any CPU
		{4EB9237C-5C64-46A1-988C-995693705651}.Release|Any CPU.Build.0 = Release|Any CPU
		{4EB9237C-5C64-46A1-988C-995693705651}.Release|x64.ActiveCfg = Release|Any CPU
		{4EB9237C-5C64-46A1-988C-995693705651}.Release|x64.Build.0 = Release|Any CPU
		{4EB9237C-5C64-46A1-988C-995693705651}.Release|x86.ActiveCfg = Release|Any CPU
		{4EB9237C-5C64-46A1-988C-995693705651}.Release|x86.Build.0 = Release|Any CPU
		{CBDEC49D-1224-467E-B416-691AB3C77AC3}.Debug|Any CPU.ActiveCfg = Debug|Any CPU
		{CBDEC49D-1224-467E-B416-691AB3C77AC3}.Debug|Any CPU.Build.0 = Debug|Any CPU
		{CBDEC49D-1224-467E-B416-691AB3C77AC3}.Debug|x64.ActiveCfg = Debug|Any CPU
		{CBDEC49D-1224-467E-B416-691AB3C77AC3}.Debug|x64.Build.0 = Debug|Any CPU
		{CBDEC49D-1224-467E-B416-691AB3C77AC3}.Debug|x86.ActiveCfg = Debug|Any CPU
		{CBDEC49D-1224-467E-B416-691AB3C77AC3}.Debug|x86.Build.0 = Debug|Any CPU
		{CBDEC49D-1224-467E-B416-691AB3C77AC3}.Release|Any CPU.ActiveCfg = Release|Any CPU
		{CBDEC49D-1224-467E-B416-691AB3C77AC3}.Release|Any CPU.Build.0 = Release|Any CPU
		{CBDEC49D-1224-467E-B416-691AB3C77AC3}.Release|x64.ActiveCfg = Release|Any CPU
		{CBDEC49D-1224-467E-B416-691AB3C77AC3}.Release|x64.Build.0 = Release|Any CPU
		{CBDEC49D-1224-467E-B416-691AB3C77AC3}.Release|x86.ActiveCfg = Release|Any CPU
		{CBDEC49D-1224-467E-B416-691AB3C77AC3}.Release|x86.Build.0 = Release|Any CPU
		{0E8F5C14-028D-4F7A-BCBC-85EB0099CC81}.Debug|Any CPU.ActiveCfg = Debug|Any CPU
		{0E8F5C14-028D-4F7A-BCBC-85EB0099CC81}.Debug|Any CPU.Build.0 = Debug|Any CPU
		{0E8F5C14-028D-4F7A-BCBC-85EB0099CC81}.Debug|x64.ActiveCfg = Debug|Any CPU
		{0E8F5C14-028D-4F7A-BCBC-85EB0099CC81}.Debug|x64.Build.0 = Debug|Any CPU
		{0E8F5C14-028D-4F7A-BCBC-85EB0099CC81}.Debug|x86.ActiveCfg = Debug|Any CPU
		{0E8F5C14-028D-4F7A-BCBC-85EB0099CC81}.Debug|x86.Build.0 = Debug|Any CPU
		{0E8F5C14-028D-4F7A-BCBC-85EB0099CC81}.Release|Any CPU.ActiveCfg = Release|Any CPU
		{0E8F5C14-028D-4F7A-BCBC-85EB0099CC81}.Release|Any CPU.Build.0 = Release|Any CPU
		{0E8F5C14-028D-4F7A-BCBC-85EB0099CC81}.Release|x64.ActiveCfg = Release|Any CPU
		{0E8F5C14-028D-4F7A-BCBC-85EB0099CC81}.Release|x64.Build.0 = Release|Any CPU
		{0E8F5C14-028D-4F7A-BCBC-85EB0099CC81}.Release|x86.ActiveCfg = Release|Any CPU
		{0E8F5C14-028D-4F7A-BCBC-85EB0099CC81}.Release|x86.Build.0 = Release|Any CPU
		{E9C8DC4C-DCBC-475D-BE89-A1EF96F085B4}.Debug|Any CPU.ActiveCfg = Debug|Any CPU
		{E9C8DC4C-DCBC-475D-BE89-A1EF96F085B4}.Debug|Any CPU.Build.0 = Debug|Any CPU
		{E9C8DC4C-DCBC-475D-BE89-A1EF96F085B4}.Debug|x64.ActiveCfg = Debug|Any CPU
		{E9C8DC4C-DCBC-475D-BE89-A1EF96F085B4}.Debug|x64.Build.0 = Debug|Any CPU
		{E9C8DC4C-DCBC-475D-BE89-A1EF96F085B4}.Debug|x86.ActiveCfg = Debug|Any CPU
		{E9C8DC4C-DCBC-475D-BE89-A1EF96F085B4}.Debug|x86.Build.0 = Debug|Any CPU
		{E9C8DC4C-DCBC-475D-BE89-A1EF96F085B4}.Release|Any CPU.ActiveCfg = Release|Any CPU
		{E9C8DC4C-DCBC-475D-BE89-A1EF96F085B4}.Release|Any CPU.Build.0 = Release|Any CPU
		{E9C8DC4C-DCBC-475D-BE89-A1EF96F085B4}.Release|x64.ActiveCfg = Release|Any CPU
		{E9C8DC4C-DCBC-475D-BE89-A1EF96F085B4}.Release|x64.Build.0 = Release|Any CPU
		{E9C8DC4C-DCBC-475D-BE89-A1EF96F085B4}.Release|x86.ActiveCfg = Release|Any CPU
		{E9C8DC4C-DCBC-475D-BE89-A1EF96F085B4}.Release|x86.Build.0 = Release|Any CPU
		{715D6141-2B98-4475-ACD5-C96AB09B65EC}.Debug|Any CPU.ActiveCfg = Debug|Any CPU
		{715D6141-2B98-4475-ACD5-C96AB09B65EC}.Debug|Any CPU.Build.0 = Debug|Any CPU
		{715D6141-2B98-4475-ACD5-C96AB09B65EC}.Debug|x64.ActiveCfg = Debug|Any CPU
		{715D6141-2B98-4475-ACD5-C96AB09B65EC}.Debug|x64.Build.0 = Debug|Any CPU
		{715D6141-2B98-4475-ACD5-C96AB09B65EC}.Debug|x86.ActiveCfg = Debug|Any CPU
		{715D6141-2B98-4475-ACD5-C96AB09B65EC}.Debug|x86.Build.0 = Debug|Any CPU
		{715D6141-2B98-4475-ACD5-C96AB09B65EC}.Release|Any CPU.ActiveCfg = Release|Any CPU
		{715D6141-2B98-4475-ACD5-C96AB09B65EC}.Release|Any CPU.Build.0 = Release|Any CPU
		{715D6141-2B98-4475-ACD5-C96AB09B65EC}.Release|x64.ActiveCfg = Release|Any CPU
		{715D6141-2B98-4475-ACD5-C96AB09B65EC}.Release|x64.Build.0 = Release|Any CPU
		{715D6141-2B98-4475-ACD5-C96AB09B65EC}.Release|x86.ActiveCfg = Release|Any CPU
		{715D6141-2B98-4475-ACD5-C96AB09B65EC}.Release|x86.Build.0 = Release|Any CPU
		{8A7BA03C-90AD-4860-B8B6-8F1F90A31240}.Debug|Any CPU.ActiveCfg = Debug|Any CPU
		{8A7BA03C-90AD-4860-B8B6-8F1F90A31240}.Debug|Any CPU.Build.0 = Debug|Any CPU
		{8A7BA03C-90AD-4860-B8B6-8F1F90A31240}.Debug|x64.ActiveCfg = Debug|Any CPU
		{8A7BA03C-90AD-4860-B8B6-8F1F90A31240}.Debug|x64.Build.0 = Debug|Any CPU
		{8A7BA03C-90AD-4860-B8B6-8F1F90A31240}.Debug|x86.ActiveCfg = Debug|Any CPU
		{8A7BA03C-90AD-4860-B8B6-8F1F90A31240}.Debug|x86.Build.0 = Debug|Any CPU
		{8A7BA03C-90AD-4860-B8B6-8F1F90A31240}.Release|Any CPU.ActiveCfg = Release|Any CPU
		{8A7BA03C-90AD-4860-B8B6-8F1F90A31240}.Release|Any CPU.Build.0 = Release|Any CPU
		{8A7BA03C-90AD-4860-B8B6-8F1F90A31240}.Release|x64.ActiveCfg = Release|Any CPU
		{8A7BA03C-90AD-4860-B8B6-8F1F90A31240}.Release|x64.Build.0 = Release|Any CPU
		{8A7BA03C-90AD-4860-B8B6-8F1F90A31240}.Release|x86.ActiveCfg = Release|Any CPU
		{8A7BA03C-90AD-4860-B8B6-8F1F90A31240}.Release|x86.Build.0 = Release|Any CPU
		{AF750201-F142-4C85-8A0C-5B1EFECCA920}.Debug|Any CPU.ActiveCfg = Debug|Win32
		{AF750201-F142-4C85-8A0C-5B1EFECCA920}.Debug|x64.ActiveCfg = Debug|x64
		{AF750201-F142-4C85-8A0C-5B1EFECCA920}.Debug|x64.Build.0 = Debug|x64
		{AF750201-F142-4C85-8A0C-5B1EFECCA920}.Debug|x86.ActiveCfg = Debug|Win32
		{AF750201-F142-4C85-8A0C-5B1EFECCA920}.Debug|x86.Build.0 = Debug|Win32
		{AF750201-F142-4C85-8A0C-5B1EFECCA920}.Release|Any CPU.ActiveCfg = Release|Win32
		{AF750201-F142-4C85-8A0C-5B1EFECCA920}.Release|x64.ActiveCfg = Release|x64
		{AF750201-F142-4C85-8A0C-5B1EFECCA920}.Release|x64.Build.0 = Release|x64
		{AF750201-F142-4C85-8A0C-5B1EFECCA920}.Release|x86.ActiveCfg = Release|Win32
		{AF750201-F142-4C85-8A0C-5B1EFECCA920}.Release|x86.Build.0 = Release|Win32
		{E9E3D501-6E04-41DA-B458-5BD4C18E1D1B}.Debug|Any CPU.ActiveCfg = Debug|Any CPU
		{E9E3D501-6E04-41DA-B458-5BD4C18E1D1B}.Debug|Any CPU.Build.0 = Debug|Any CPU
		{E9E3D501-6E04-41DA-B458-5BD4C18E1D1B}.Debug|x64.ActiveCfg = Debug|Any CPU
		{E9E3D501-6E04-41DA-B458-5BD4C18E1D1B}.Debug|x64.Build.0 = Debug|Any CPU
		{E9E3D501-6E04-41DA-B458-5BD4C18E1D1B}.Debug|x86.ActiveCfg = Debug|Any CPU
		{E9E3D501-6E04-41DA-B458-5BD4C18E1D1B}.Debug|x86.Build.0 = Debug|Any CPU
		{E9E3D501-6E04-41DA-B458-5BD4C18E1D1B}.Release|Any CPU.ActiveCfg = Release|Any CPU
		{E9E3D501-6E04-41DA-B458-5BD4C18E1D1B}.Release|Any CPU.Build.0 = Release|Any CPU
		{E9E3D501-6E04-41DA-B458-5BD4C18E1D1B}.Release|x64.ActiveCfg = Release|Any CPU
		{E9E3D501-6E04-41DA-B458-5BD4C18E1D1B}.Release|x64.Build.0 = Release|Any CPU
		{E9E3D501-6E04-41DA-B458-5BD4C18E1D1B}.Release|x86.ActiveCfg = Release|Any CPU
		{E9E3D501-6E04-41DA-B458-5BD4C18E1D1B}.Release|x86.Build.0 = Release|Any CPU
		{0370C0CB-20B3-4E1A-9F5F-1A846BC1C1B8}.Debug|Any CPU.ActiveCfg = Debug|Any CPU
		{0370C0CB-20B3-4E1A-9F5F-1A846BC1C1B8}.Debug|Any CPU.Build.0 = Debug|Any CPU
		{0370C0CB-20B3-4E1A-9F5F-1A846BC1C1B8}.Debug|x64.ActiveCfg = Debug|Any CPU
		{0370C0CB-20B3-4E1A-9F5F-1A846BC1C1B8}.Debug|x64.Build.0 = Debug|Any CPU
		{0370C0CB-20B3-4E1A-9F5F-1A846BC1C1B8}.Debug|x86.ActiveCfg = Debug|Any CPU
		{0370C0CB-20B3-4E1A-9F5F-1A846BC1C1B8}.Debug|x86.Build.0 = Debug|Any CPU
		{0370C0CB-20B3-4E1A-9F5F-1A846BC1C1B8}.Release|Any CPU.ActiveCfg = Release|Any CPU
		{0370C0CB-20B3-4E1A-9F5F-1A846BC1C1B8}.Release|Any CPU.Build.0 = Release|Any CPU
		{0370C0CB-20B3-4E1A-9F5F-1A846BC1C1B8}.Release|x64.ActiveCfg = Release|Any CPU
		{0370C0CB-20B3-4E1A-9F5F-1A846BC1C1B8}.Release|x64.Build.0 = Release|Any CPU
		{0370C0CB-20B3-4E1A-9F5F-1A846BC1C1B8}.Release|x86.ActiveCfg = Release|Any CPU
		{0370C0CB-20B3-4E1A-9F5F-1A846BC1C1B8}.Release|x86.Build.0 = Release|Any CPU
		{C2D12E12-331A-4FE5-AC87-FC9377C594C5}.Debug|Any CPU.ActiveCfg = Debug|Any CPU
		{C2D12E12-331A-4FE5-AC87-FC9377C594C5}.Debug|Any CPU.Build.0 = Debug|Any CPU
		{C2D12E12-331A-4FE5-AC87-FC9377C594C5}.Debug|x64.ActiveCfg = Debug|Any CPU
		{C2D12E12-331A-4FE5-AC87-FC9377C594C5}.Debug|x64.Build.0 = Debug|Any CPU
		{C2D12E12-331A-4FE5-AC87-FC9377C594C5}.Debug|x86.ActiveCfg = Debug|Any CPU
		{C2D12E12-331A-4FE5-AC87-FC9377C594C5}.Debug|x86.Build.0 = Debug|Any CPU
		{C2D12E12-331A-4FE5-AC87-FC9377C594C5}.Release|Any CPU.ActiveCfg = Release|Any CPU
		{C2D12E12-331A-4FE5-AC87-FC9377C594C5}.Release|Any CPU.Build.0 = Release|Any CPU
		{C2D12E12-331A-4FE5-AC87-FC9377C594C5}.Release|x64.ActiveCfg = Release|Any CPU
		{C2D12E12-331A-4FE5-AC87-FC9377C594C5}.Release|x64.Build.0 = Release|Any CPU
		{C2D12E12-331A-4FE5-AC87-FC9377C594C5}.Release|x86.ActiveCfg = Release|Any CPU
		{C2D12E12-331A-4FE5-AC87-FC9377C594C5}.Release|x86.Build.0 = Release|Any CPU
	EndGlobalSection
	GlobalSection(SolutionProperties) = preSolution
		HideSolutionNode = FALSE
	EndGlobalSection
	GlobalSection(ExtensibilityGlobals) = postSolution
		SolutionGuid = {73524CE6-0134-4913-B0FA-35DA46082416}
	EndGlobalSection
EndGlobal
